
Microsoft Visual Studio Solution File, Format Version 12.00
# Visual Studio 15
Project("{FAE04EC0-301F-11D3-BF4B-00C04F79EFBC}") = "UnityEditor.UI", "UnityEditor.UI.csproj", "{FFF280F7-FA73-4975-F193-B258F36DC560}"
EndProject
Project("{FAE04EC0-301F-11D3-BF4B-00C04F79EFBC}") = "UnityEngine.UI", "UnityEngine.UI.csproj", "{3668BB2A-179A-1672-BE21-4DCA18E0E7CA}"
EndProject
Project("{FAE04EC0-301F-11D3-BF4B-00C04F79EFBC}") = "Assembly-CSharp", "Assembly-CSharp.csproj", "{1100CB13-C87B-9A52-55C3-8B1F6362BD64}"
EndProject
Global
	GlobalSection(SolutionConfigurationPlatforms) = preSolution
		Debug|Any CPU = Debug|Any CPU
		Release|Any CPU = Release|Any CPU
	EndGlobalSection
	GlobalSection(ProjectConfigurationPlatforms) = postSolution
		{FFF280F7-FA73-4975-F193-B258F36DC560}.Debug|Any CPU.ActiveCfg = Debug|Any CPU
		{FFF280F7-FA73-4975-F193-B258F36DC560}.Debug|Any CPU.Build.0 = Debug|Any CPU
		{FFF280F7-FA73-4975-F193-B258F36DC560}.Release|Any CPU.ActiveCfg = Release|Any CPU
		{FFF280F7-FA73-4975-F193-B258F36DC560}.Release|Any CPU.Build.0 = Release|Any CPU
		{3668BB2A-179A-1672-BE21-4DCA18E0E7CA}.Debug|Any CPU.ActiveCfg = Debug|Any CPU
		{3668BB2A-179A-1672-BE21-4DCA18E0E7CA}.Debug|Any CPU.Build.0 = Debug|Any CPU
		{3668BB2A-179A-1672-BE21-4DCA18E0E7CA}.Release|Any CPU.ActiveCfg = Release|Any CPU
		{3668BB2A-179A-1672-BE21-4DCA18E0E7CA}.Release|Any CPU.Build.0 = Release|Any CPU
		{1100CB13-C87B-9A52-55C3-8B1F6362BD64}.Debug|Any CPU.ActiveCfg = Debug|Any CPU
		{1100CB13-C87B-9A52-55C3-8B1F6362BD64}.Debug|Any CPU.Build.0 = Debug|Any CPU
		{1100CB13-C87B-9A52-55C3-8B1F6362BD64}.Release|Any CPU.ActiveCfg = Release|Any CPU
		{1100CB13-C87B-9A52-55C3-8B1F6362BD64}.Release|Any CPU.Build.0 = Release|Any CPU
	EndGlobalSection
	GlobalSection(SolutionProperties) = preSolution
		HideSolutionNode = FALSE
	EndGlobalSection
EndGlobal
